17406111748250175807518015401802249180265818053971833344183585225545532559224255941825711362571591257221525725442574573980651623690624492163938816559771939387194687129857852991542299736230029873020009305674230612533063133306462930748313076095326156018893419045218381321915046368512537296089764291006934714681079704101641051610631114851407814918153611562915743158571615518752189001919019353197401994421038213262145121986225372316723545237312386624467247512488325429255472578425981261532652226715269062698730234311733165431745326643273032777330473318933236339563755962692241924872564268029323118323733143404860312323130073637991365229237005243727915374129437728823906853391403139523773966369116285264644508063477165173763708524102358634891141939539562579471179705680587111110131194280243342033747874400756091934422109992159143928959005593071962192338213690115712454029787482283952571437032348320082910781011549117210020883833629223365415