174061117482501758075180154018022491802658180539718333441835852255455325592242559418257113625715912572215257254425745739806516236906244921639388165597719393871946871298578529915422997362300298730200093056742306125330631333064629307483130760953261560188934190452183813219150463685125372960897642910069347146810797041016410516106311148514078149181536115629157431585716155187521890019190193531974019944210382132621451219862253723167235452373123866244672475124883254292554725784259812615326522267152690626987302343117331654317453266432730327773304733189332363395637559626922419248725642680293231183237331434048603123231300736379913652292370052437279153741294377288239068533914031395237739663691162852646445080634771651737637085241023586348911419395395625794711797056805871111101311942802433420337478744007560919344221099921591439289590055930719621923382136901157124540297874822839525714370323483200829107810115491172100208838