17406111748250175807518015401802249180265818053971833344183585225545532559224255941825711362571591257221525725442574573980651623690624492163938816559771939387194687129857852991542299736230029873020009305674230612533063133306462930748313076095326156018893419045218381321915046368512537296089764291006934714681079704101641051610631114851407814918153611562915743158571615518752189001919019353197401994421038213262145121986